
Microsoft Visual Studio Solution File, Format Version 12.00
# Visual Studio Version 17
VisualStudioVersion = 17.10.35013.160
MinimumVisualStudioVersion = 10.0.40219.1
Project("{FAE04EC0-301F-11D3-BF4B-00C04F79EFBC}") = "T6 Random numbers assignment", "T6 Random numbers assignment.csproj", "{0F5B6958-44B5-408C-AE33-C9BEC5115588}"
EndProject
Global
	GlobalSection(SolutionConfigurationPlatforms) = preSolution
		Debug|Any CPU = Debug|Any CPU
		Release|Any CPU = Release|Any CPU
	EndGlobalSection
	GlobalSection(ProjectConfigurationPlatforms) = postSolution
		{0F5B6958-44B5-408C-AE33-C9BEC5115588}.Debug|Any CPU.ActiveCfg = Debug|Any CPU
		{0F5B6958-44B5-408C-AE33-C9BEC5115588}.Debug|Any CPU.Build.0 = Debug|Any CPU
		{0F5B6958-44B5-408C-AE33-C9BEC5115588}.Release|Any CPU.ActiveCfg = Release|Any CPU
		{0F5B6958-44B5-408C-AE33-C9BEC5115588}.Release|Any CPU.Build.0 = Release|Any CPU
	EndGlobalSection
	GlobalSection(SolutionProperties) = preSolution
		HideSolutionNode = FALSE
	EndGlobalSection
	GlobalSection(ExtensibilityGlobals) = postSolution
		SolutionGuid = {FF5B7001-F518-4B1F-96D9-C60DBF905EC4}
	EndGlobalSection
EndGlobal
